# @generated by Move, please check-in and do not edit manually.

[move]
version = 3
manifest_digest = "51FD23AF610593965A99120372EF9444F9E33FB4F986A691FE9690E3271DAA79"
deps_digest = "F8BBB0CCB2491CA29A3DF03D6F92277A4F3574266507ACD77214D37ECA3F3082"
dependencies = [
  { id = "Sui", name = "Sui" },
]

[[move.package]]
id = "MoveStdlib"
source = { git = "https://github.com/MystenLabs/sui.git", rev = "framework/testnet", subdir = "crates/sui-framework/packages/move-stdlib" }

[[move.package]]
id = "Sui"
source = { git = "https://github.com/MystenLabs/sui.git", rev = "framework/testnet", subdir = "crates/sui-framework/packages/sui-framework" }

dependencies = [
  { id = "MoveStdlib", name = "MoveStdlib" },
]

[move.toolchain-version]
compiler-version = "1.53.1"
edition = "2024.beta"
flavor = "sui"

[env]

[env.testnet]
chain-id = "4c78adac"
original-published-id = "0xe3d1d8ed31f2aadd8865177738f3a0420552525c7d5e3cf02f4b2549ce3ea913"
latest-published-id = "0xe3d1d8ed31f2aadd8865177738f3a0420552525c7d5e3cf02f4b2549ce3ea913"
published-version = "1"
